
Microsoft Visual Studio Solution File, Format Version 12.00
# Visual Studio Version 16
VisualStudioVersion = 16.0.28922.388
MinimumVisualStudioVersion = 10.0.40219.1
Project("{9A19103F-16F7-4668-BE54-9A1E7A4F7556}") = "nunit.analyzers", "nunit.analyzers\nunit.analyzers.csproj", "{74151914-3C12-4EAC-8FD5-5766EBEA35A3}"
EndProject
Project("{FAE04EC0-301F-11D3-BF4B-00C04F79EFBC}") = "nunit.analyzers.vsix", "nunit.analyzers.vsix\nunit.analyzers.vsix.csproj", "{5D87311B-74DE-4DF9-BCC3-E14D8EE4E7B0}"
EndProject
Project("{9A19103F-16F7-4668-BE54-9A1E7A4F7556}") = "nunit.analyzers.tests", "nunit.analyzers.tests\nunit.analyzers.tests.csproj", "{070974CB-B483-4347-BA5A-53ED977E639C}"
EndProject
Project("{2150E333-8FDC-42A3-9474-1A3956D46DE8}") = "docs", "docs", "{2F501E14-35D4-432A-9F93-810A0AAEA128}"
	ProjectSection(SolutionItems) = preProject
		..\documentation\index.md = ..\documentation\index.md
		..\documentation\NUnit1001.md = ..\documentation\NUnit1001.md
		..\documentation\NUnit1002.md = ..\documentation\NUnit1002.md
		..\documentation\NUnit1003.md = ..\documentation\NUnit1003.md
		..\documentation\NUnit1004.md = ..\documentation\NUnit1004.md
		..\documentation\NUnit1005.md = ..\documentation\NUnit1005.md
		..\documentation\NUnit1006.md = ..\documentation\NUnit1006.md
		..\documentation\NUnit1007.md = ..\documentation\NUnit1007.md
		..\documentation\NUnit1008.md = ..\documentation\NUnit1008.md
		..\documentation\NUnit1009.md = ..\documentation\NUnit1009.md
		..\documentation\NUnit1010.md = ..\documentation\NUnit1010.md
		..\documentation\NUnit1011.md = ..\documentation\NUnit1011.md
		..\documentation\NUnit1012.md = ..\documentation\NUnit1012.md
		..\documentation\NUnit1013.md = ..\documentation\NUnit1013.md
		..\documentation\NUnit1014.md = ..\documentation\NUnit1014.md
		..\documentation\NUnit1015.md = ..\documentation\NUnit1015.md
		..\documentation\NUnit1016.md = ..\documentation\NUnit1016.md
		..\documentation\NUnit1017.md = ..\documentation\NUnit1017.md
		..\documentation\NUnit1018.md = ..\documentation\NUnit1018.md
		..\documentation\NUnit1019.md = ..\documentation\NUnit1019.md
		..\documentation\NUnit1020.md = ..\documentation\NUnit1020.md
		..\documentation\NUnit1021.md = ..\documentation\NUnit1021.md
		..\documentation\NUnit1022.md = ..\documentation\NUnit1022.md
		..\documentation\NUnit1023.md = ..\documentation\NUnit1023.md
		..\documentation\NUnit1024.md = ..\documentation\NUnit1024.md
		..\documentation\NUnit1025.md = ..\documentation\NUnit1025.md
		..\documentation\NUnit1026.md = ..\documentation\NUnit1026.md
		..\documentation\NUnit1027.md = ..\documentation\NUnit1027.md
		..\documentation\NUnit1028.md = ..\documentation\NUnit1028.md
		..\documentation\NUnit2001.md = ..\documentation\NUnit2001.md
		..\documentation\NUnit2002.md = ..\documentation\NUnit2002.md
		..\documentation\NUnit2003.md = ..\documentation\NUnit2003.md
		..\documentation\NUnit2004.md = ..\documentation\NUnit2004.md
		..\documentation\NUnit2005.md = ..\documentation\NUnit2005.md
		..\documentation\NUnit2006.md = ..\documentation\NUnit2006.md
		..\documentation\NUnit2007.md = ..\documentation\NUnit2007.md
		..\documentation\NUnit2008.md = ..\documentation\NUnit2008.md
		..\documentation\NUnit2009.md = ..\documentation\NUnit2009.md
		..\documentation\NUnit2010.md = ..\documentation\NUnit2010.md
		..\documentation\NUnit2011.md = ..\documentation\NUnit2011.md
		..\documentation\NUnit2012.md = ..\documentation\NUnit2012.md
		..\documentation\NUnit2013.md = ..\documentation\NUnit2013.md
		..\documentation\NUnit2014.md = ..\documentation\NUnit2014.md
		..\documentation\NUnit2015.md = ..\documentation\NUnit2015.md
		..\documentation\NUnit2016.md = ..\documentation\NUnit2016.md
		..\documentation\NUnit2017.md = ..\documentation\NUnit2017.md
		..\documentation\NUnit2018.md = ..\documentation\NUnit2018.md
		..\documentation\NUnit2019.md = ..\documentation\NUnit2019.md
		..\documentation\NUnit2020.md = ..\documentation\NUnit2020.md
		..\documentation\NUnit2021.md = ..\documentation\NUnit2021.md
		..\documentation\NUnit2022.md = ..\documentation\NUnit2022.md
		..\documentation\NUnit2023.md = ..\documentation\NUnit2023.md
		..\documentation\NUnit2024.md = ..\documentation\NUnit2024.md
		..\documentation\NUnit2025.md = ..\documentation\NUnit2025.md
		..\documentation\NUnit2026.md = ..\documentation\NUnit2026.md
		..\documentation\NUnit2027.md = ..\documentation\NUnit2027.md
		..\documentation\NUnit2028.md = ..\documentation\NUnit2028.md
		..\documentation\NUnit2029.md = ..\documentation\NUnit2029.md
		..\documentation\NUnit2030.md = ..\documentation\NUnit2030.md
		..\documentation\NUnit2031.md = ..\documentation\NUnit2031.md
		..\documentation\NUnit2032.md = ..\documentation\NUnit2032.md
		..\documentation\NUnit2033.md = ..\documentation\NUnit2033.md
		..\documentation\NUnit2034.md = ..\documentation\NUnit2034.md
		..\documentation\NUnit2035.md = ..\documentation\NUnit2035.md
		..\documentation\NUnit2036.md = ..\documentation\NUnit2036.md
		..\documentation\NUnit2037.md = ..\documentation\NUnit2037.md
		..\documentation\NUnit2038.md = ..\documentation\NUnit2038.md
		..\documentation\NUnit2039.md = ..\documentation\NUnit2039.md
		..\documentation\NUnit2040.md = ..\documentation\NUnit2040.md
		..\documentation\NUnit2041.md = ..\documentation\NUnit2041.md
		..\documentation\NUnit2042.md = ..\documentation\NUnit2042.md
		..\documentation\NUnit2043.md = ..\documentation\NUnit2043.md
		..\documentation\NUnit3001.md = ..\documentation\NUnit3001.md
		..\documentation\NUnit3002.md = ..\documentation\NUnit3002.md
		..\README.md = ..\README.md
	EndProjectSection
EndProject
Project("{2150E333-8FDC-42A3-9474-1A3956D46DE8}") = "Solution Items", "Solution Items", "{6BFAB271-DF3C-4685-A0E0-8966C9C8832F}"
	ProjectSection(SolutionItems) = preProject
		..\.editorconfig = ..\.editorconfig
		..\stylecop.json = ..\stylecop.json
	EndProjectSection
EndProject
Global
	GlobalSection(SolutionConfigurationPlatforms) = preSolution
		Debug|Any CPU = Debug|Any CPU
		Release|Any CPU = Release|Any CPU
	EndGlobalSection
	GlobalSection(ProjectConfigurationPlatforms) = postSolution
		{74151914-3C12-4EAC-8FD5-5766EBEA35A3}.Debug|Any CPU.ActiveCfg = Debug|Any CPU
		{74151914-3C12-4EAC-8FD5-5766EBEA35A3}.Debug|Any CPU.Build.0 = Debug|Any CPU
		{74151914-3C12-4EAC-8FD5-5766EBEA35A3}.Release|Any CPU.ActiveCfg = Release|Any CPU
		{74151914-3C12-4EAC-8FD5-5766EBEA35A3}.Release|Any CPU.Build.0 = Release|Any CPU
		{5D87311B-74DE-4DF9-BCC3-E14D8EE4E7B0}.Debug|Any CPU.ActiveCfg = Debug|Any CPU
		{5D87311B-74DE-4DF9-BCC3-E14D8EE4E7B0}.Debug|Any CPU.Build.0 = Debug|Any CPU
		{5D87311B-74DE-4DF9-BCC3-E14D8EE4E7B0}.Release|Any CPU.ActiveCfg = Release|Any CPU
		{5D87311B-74DE-4DF9-BCC3-E14D8EE4E7B0}.Release|Any CPU.Build.0 = Release|Any CPU
		{070974CB-B483-4347-BA5A-53ED977E639C}.Debug|Any CPU.ActiveCfg = Debug|Any CPU
		{070974CB-B483-4347-BA5A-53ED977E639C}.Debug|Any CPU.Build.0 = Debug|Any CPU
		{070974CB-B483-4347-BA5A-53ED977E639C}.Release|Any CPU.ActiveCfg = Release|Any CPU
		{070974CB-B483-4347-BA5A-53ED977E639C}.Release|Any CPU.Build.0 = Release|Any CPU
	EndGlobalSection
	GlobalSection(SolutionProperties) = preSolution
		HideSolutionNode = FALSE
	EndGlobalSection
	GlobalSection(ExtensibilityGlobals) = postSolution
		SolutionGuid = {D4EB0814-1C84-4F3B-96CF-F9D68F63FFCB}
	EndGlobalSection
EndGlobal
